<?xml version="1.0" encoding="utf-8"?>
<Project ToolsVersion="4.0" xmlns="http://schemas.microsoft.com/developer/msbuild/2003">
  <ItemGroup>
    <Filter Include="Milu">
      <UniqueIdentifier>{BC15897C-A84C-8A0D-5139-70103D4F060F}</UniqueIdentifier>
    </Filter>
    <Filter Include="Milu\Events">
      <UniqueIdentifier>{2076AD9A-8C2B-2690-1520-206781D41C94}</UniqueIdentifier>
    </Filter>
  </ItemGroup>
  <ItemGroup>
    <ClInclude Include="src\Milu.h" />
    <ClInclude Include="src\Milu\Application.h">
      <Filter>Milu</Filter>
    </ClInclude>
    <ClInclude Include="src\Milu\Core.h">
      <Filter>Milu</Filter>
    </ClInclude>
    <ClInclude Include="src\Milu\EntryPoint.h">
      <Filter>Milu</Filter>
    </ClInclude>
    <ClInclude Include="src\Milu\Events\ApplicationEvent.h">
      <Filter>Milu\Events</Filter>
    </ClInclude>
    <ClInclude Include="src\Milu\Events\Event.h">
      <Filter>Milu\Events</Filter>
    </ClInclude>
    <ClInclude Include="src\Milu\Events\KeyEvent.h">
      <Filter>Milu\Events</Filter>
    </ClInclude>
    <ClInclude Include="src\Milu\Events\MouseEvent.h">
      <Filter>Milu\Events</Filter>
    </ClInclude>
    <ClInclude Include="src\Milu\Log.h">
      <Filter>Milu</Filter>
    </ClInclude>
    <ClInclude Include="src\mlpch.h" />
  </ItemGroup>
  <ItemGroup>
    <ClCompile Include="src\Milu\Application.cpp">
      <Filter>Milu</Filter>
    </ClCompile>
    <ClCompile Include="src\Milu\Log.cpp">
      <Filter>Milu</Filter>
    </ClCompile>
    <ClCompile Include="src\mlpch.cpp" />
  </ItemGroup>
</Project>